
Microsoft Visual Studio Solution File, Format Version 12.00
# Visual Studio Version 16
VisualStudioVersion = 16.0.32228.343
MinimumVisualStudioVersion = 10.0.40219.1
Project("{FAE04EC0-301F-11D3-BF4B-00C04F79EFBC}") = "Arcane.Liquidador", "Arcane.Liquidador.csproj", "{A8B4CF2B-E911-4F2D-95CF-D4ECC5086977}"
EndProject
Project("{FAE04EC0-301F-11D3-BF4B-00C04F79EFBC}") = "Arcane.Liquidador.UT", "Arcane.Liquidador.UT\Arcane.Liquidador.UT.csproj", "{C152CEA4-F2C2-4A58-A99C-8845EC7A3E4F}"
EndProject
Project("{FAE04EC0-301F-11D3-BF4B-00C04F79EFBC}") = "Arcane.Claro.Utils", "Arcane.Claro.Utils\Arcane.Claro.Utils.csproj", "{3A309FA7-09A9-433A-8270-F7C8BFA63FD3}"
EndProject
Global
	GlobalSection(SolutionConfigurationPlatforms) = preSolution
		Debug|Any CPU = Debug|Any CPU
		Release|Any CPU = Release|Any CPU
	EndGlobalSection
	GlobalSection(ProjectConfigurationPlatforms) = postSolution
		{A8B4CF2B-E911-4F2D-95CF-D4ECC5086977}.Debug|Any CPU.ActiveCfg = Debug|Any CPU
		{A8B4CF2B-E911-4F2D-95CF-D4ECC5086977}.Debug|Any CPU.Build.0 = Debug|Any CPU
		{A8B4CF2B-E911-4F2D-95CF-D4ECC5086977}.Release|Any CPU.ActiveCfg = Release|Any CPU
		{A8B4CF2B-E911-4F2D-95CF-D4ECC5086977}.Release|Any CPU.Build.0 = Release|Any CPU
		{C152CEA4-F2C2-4A58-A99C-8845EC7A3E4F}.Debug|Any CPU.ActiveCfg = Debug|Any CPU
		{C152CEA4-F2C2-4A58-A99C-8845EC7A3E4F}.Debug|Any CPU.Build.0 = Debug|Any CPU
		{C152CEA4-F2C2-4A58-A99C-8845EC7A3E4F}.Release|Any CPU.ActiveCfg = Release|Any CPU
		{C152CEA4-F2C2-4A58-A99C-8845EC7A3E4F}.Release|Any CPU.Build.0 = Release|Any CPU
		{3A309FA7-09A9-433A-8270-F7C8BFA63FD3}.Debug|Any CPU.ActiveCfg = Debug|Any CPU
		{3A309FA7-09A9-433A-8270-F7C8BFA63FD3}.Debug|Any CPU.Build.0 = Debug|Any CPU
		{3A309FA7-09A9-433A-8270-F7C8BFA63FD3}.Release|Any CPU.ActiveCfg = Release|Any CPU
		{3A309FA7-09A9-433A-8270-F7C8BFA63FD3}.Release|Any CPU.Build.0 = Release|Any CPU
	EndGlobalSection
	GlobalSection(SolutionProperties) = preSolution
		HideSolutionNode = FALSE
	EndGlobalSection
	GlobalSection(ExtensibilityGlobals) = postSolution
		SolutionGuid = {8002043C-9C84-4707-B3E9-14F06A0A1EB8}
	EndGlobalSection
EndGlobal
